
Microsoft Visual Studio Solution File, Format Version 12.00
# Visual Studio Version 16
VisualStudioVersion = 16.0.28803.202
MinimumVisualStudioVersion = 10.0.40219.1
Project("{FAE04EC0-301F-11D3-BF4B-00C04F79EFBC}") = "home-work-6", "home-work-6\home-work-6.csproj", "{EAB4E601-FAE2-4A4D-BFF8-7EC7620022F8}"
EndProject
Global
	GlobalSection(SolutionConfigurationPlatforms) = preSolution
		Debug|Any CPU = Debug|Any CPU
		Release|Any CPU = Release|Any CPU
	EndGlobalSection
	GlobalSection(ProjectConfigurationPlatforms) = postSolution
		{EAB4E601-FAE2-4A4D-BFF8-7EC7620022F8}.Debug|Any CPU.ActiveCfg = Debug|Any CPU
		{EAB4E601-FAE2-4A4D-BFF8-7EC7620022F8}.Debug|Any CPU.Build.0 = Debug|Any CPU
		{EAB4E601-FAE2-4A4D-BFF8-7EC7620022F8}.Release|Any CPU.ActiveCfg = Release|Any CPU
		{EAB4E601-FAE2-4A4D-BFF8-7EC7620022F8}.Release|Any CPU.Build.0 = Release|Any CPU
	EndGlobalSection
	GlobalSection(SolutionProperties) = preSolution
		HideSolutionNode = FALSE
	EndGlobalSection
	GlobalSection(ExtensibilityGlobals) = postSolution
		SolutionGuid = {3B402164-B18A-4665-BA84-A501490E2A90}
	EndGlobalSection
EndGlobal
